// !$*UTF8*$!
{
	archiveVersion = 1;
	classes = {
	};
	objectVersion = 46;
	objects = {

/* Begin PBXBuildFile section */
		957CB83B1BB9C26500B76A61 /* AppDelegate.m in Sources */ = {isa = PBXBuildFile; fileRef = 957CB83A1BB9C26500B76A61 /* AppDelegate.m */; };
		957CB83E1BB9C26500B76A61 /* main.m in Sources */ = {isa = PBXBuildFile; fileRef = 957CB83D1BB9C26500B76A61 /* main.m */; };
		957CB8401BB9C26500B76A61 /* Assets.xcassets in Resources */ = {isa = PBXBuildFile; fileRef = 957CB83F1BB9C26500B76A61 /* Assets.xcassets */; };
		957CB8431BB9C26500B76A61 /* MainMenu.xib in Resources */ = {isa = PBXBuildFile; fileRef = 957CB8411BB9C26500B76A61 /* MainMenu.xib */; };
		957CB86B1BB9C2FA00B76A61 /* common.h in Headers */ = {isa = PBXBuildFile; fileRef = 957CB8491BB9C2FA00B76A61 /* common.h */; settings = {ASSET_TAGS = (); }; };
		957CB86C1BB9C2FA00B76A61 /* Configuration.h in Headers */ = {isa = PBXBuildFile; fileRef = 957CB84B1BB9C2FA00B76A61 /* Configuration.h */; settings = {ASSET_TAGS = (); }; };
		957CB86D1BB9C2FA00B76A61 /* Configuration.mm in Sources */ = {isa = PBXBuildFile; fileRef = 957CB84C1BB9C2FA00B76A61 /* Configuration.mm */; settings = {ASSET_TAGS = (); }; };
		957CB86E1BB9C2FA00B76A61 /* Configuration.mm in Sources */ = {isa = PBXBuildFile; fileRef = 957CB84C1BB9C2FA00B76A61 /* Configuration.mm */; settings = {ASSET_TAGS = (); }; };
		957CB86F1BB9C2FA00B76A61 /* Configuration.xib in Resources */ = {isa = PBXBuildFile; fileRef = 957CB84D1BB9C2FA00B76A61 /* Configuration.xib */; settings = {ASSET_TAGS = (); }; };
		957CB8701BB9C2FA00B76A61 /* Configuration.xib in Resources */ = {isa = PBXBuildFile; fileRef = 957CB84D1BB9C2FA00B76A61 /* Configuration.xib */; settings = {ASSET_TAGS = (); }; };
		957CB8711BB9C2FA00B76A61 /* ConfigurationController.h in Headers */ = {isa = PBXBuildFile; fileRef = 957CB84E1BB9C2FA00B76A61 /* ConfigurationController.h */; settings = {ASSET_TAGS = (); }; };
		957CB8721BB9C2FA00B76A61 /* ConfigurationController.mm in Sources */ = {isa = PBXBuildFile; fileRef = 957CB84F1BB9C2FA00B76A61 /* ConfigurationController.mm */; settings = {ASSET_TAGS = (); }; };
		957CB8731BB9C2FA00B76A61 /* ConfigurationController.mm in Sources */ = {isa = PBXBuildFile; fileRef = 957CB84F1BB9C2FA00B76A61 /* ConfigurationController.mm */; settings = {ASSET_TAGS = (); }; };
		957CB8741BB9C2FA00B76A61 /* Engine.h in Headers */ = {isa = PBXBuildFile; fileRef = 957CB8501BB9C2FA00B76A61 /* Engine.h */; settings = {ASSET_TAGS = (); }; };
		957CB8751BB9C2FA00B76A61 /* Engine.mm in Sources */ = {isa = PBXBuildFile; fileRef = 957CB8511BB9C2FA00B76A61 /* Engine.mm */; settings = {ASSET_TAGS = (); }; };
		957CB8761BB9C2FA00B76A61 /* Engine.mm in Sources */ = {isa = PBXBuildFile; fileRef = 957CB8511BB9C2FA00B76A61 /* Engine.mm */; settings = {ASSET_TAGS = (); }; };
		957CB8771BB9C2FA00B76A61 /* FraSaverView.h in Headers */ = {isa = PBXBuildFile; fileRef = 957CB8521BB9C2FA00B76A61 /* FraSaverView.h */; settings = {ASSET_TAGS = (); }; };
		957CB8781BB9C2FA00B76A61 /* FraSaverView.m in Sources */ = {isa = PBXBuildFile; fileRef = 957CB8531BB9C2FA00B76A61 /* FraSaverView.m */; settings = {ASSET_TAGS = (); }; };
		957CB8791BB9C2FA00B76A61 /* FraSaverView.m in Sources */ = {isa = PBXBuildFile; fileRef = 957CB8531BB9C2FA00B76A61 /* FraSaverView.m */; settings = {ASSET_TAGS = (); }; };
		957CB87A1BB9C2FA00B76A61 /* image.h in Headers */ = {isa = PBXBuildFile; fileRef = 957CB8541BB9C2FA00B76A61 /* image.h */; settings = {ASSET_TAGS = (); }; };
		957CB87B1BB9C2FA00B76A61 /* image.mm in Sources */ = {isa = PBXBuildFile; fileRef = 957CB8551BB9C2FA00B76A61 /* image.mm */; settings = {ASSET_TAGS = (); }; };
		957CB87C1BB9C2FA00B76A61 /* image.mm in Sources */ = {isa = PBXBuildFile; fileRef = 957CB8551BB9C2FA00B76A61 /* image.mm */; settings = {ASSET_TAGS = (); }; };
		957CB87D1BB9C2FA00B76A61 /* imageQueue.h in Headers */ = {isa = PBXBuildFile; fileRef = 957CB8561BB9C2FA00B76A61 /* imageQueue.h */; settings = {ASSET_TAGS = (); }; };
		957CB87E1BB9C2FA00B76A61 /* imageQueue.mm in Sources */ = {isa = PBXBuildFile; fileRef = 957CB8571BB9C2FA00B76A61 /* imageQueue.mm */; settings = {ASSET_TAGS = (); }; };
		957CB87F1BB9C2FA00B76A61 /* imageQueue.mm in Sources */ = {isa = PBXBuildFile; fileRef = 957CB8571BB9C2FA00B76A61 /* imageQueue.mm */; settings = {ASSET_TAGS = (); }; };
		957CB8801BB9C2FA00B76A61 /* OglView.h in Headers */ = {isa = PBXBuildFile; fileRef = 957CB8581BB9C2FA00B76A61 /* OglView.h */; settings = {ASSET_TAGS = (); }; };
		957CB8811BB9C2FA00B76A61 /* OglView.mm in Sources */ = {isa = PBXBuildFile; fileRef = 957CB8591BB9C2FA00B76A61 /* OglView.mm */; settings = {ASSET_TAGS = (); }; };
		957CB8821BB9C2FA00B76A61 /* OglView.mm in Sources */ = {isa = PBXBuildFile; fileRef = 957CB8591BB9C2FA00B76A61 /* OglView.mm */; settings = {ASSET_TAGS = (); }; };
		957CB8831BB9C2FA00B76A61 /* parser.h in Headers */ = {isa = PBXBuildFile; fileRef = 957CB85A1BB9C2FA00B76A61 /* parser.h */; settings = {ASSET_TAGS = (); }; };
		957CB8841BB9C2FA00B76A61 /* parser.mm in Sources */ = {isa = PBXBuildFile; fileRef = 957CB85B1BB9C2FA00B76A61 /* parser.mm */; settings = {ASSET_TAGS = (); }; };
		957CB8851BB9C2FA00B76A61 /* parser.mm in Sources */ = {isa = PBXBuildFile; fileRef = 957CB85B1BB9C2FA00B76A61 /* parser.mm */; settings = {ASSET_TAGS = (); }; };
		957CB8861BB9C2FA00B76A61 /* thread.h in Headers */ = {isa = PBXBuildFile; fileRef = 957CB85E1BB9C2FA00B76A61 /* thread.h */; settings = {ASSET_TAGS = (); }; };
		957CB8871BB9C2FA00B76A61 /* wallhaven.h in Headers */ = {isa = PBXBuildFile; fileRef = 957CB85F1BB9C2FA00B76A61 /* wallhaven.h */; settings = {ASSET_TAGS = (); }; };
		957CB8881BB9C2FA00B76A61 /* curl.cpp in Sources */ = {isa = PBXBuildFile; fileRef = 957CB8611BB9C2FA00B76A61 /* curl.cpp */; settings = {ASSET_TAGS = (); }; };
		957CB8891BB9C2FA00B76A61 /* curl.cpp in Sources */ = {isa = PBXBuildFile; fileRef = 957CB8611BB9C2FA00B76A61 /* curl.cpp */; settings = {ASSET_TAGS = (); }; };
		957CB88A1BB9C2FA00B76A61 /* curl.h in Headers */ = {isa = PBXBuildFile; fileRef = 957CB8621BB9C2FA00B76A61 /* curl.h */; settings = {ASSET_TAGS = (); }; };
		957CB88B1BB9C2FA00B76A61 /* imageDownloader.cpp in Sources */ = {isa = PBXBuildFile; fileRef = 957CB8631BB9C2FA00B76A61 /* imageDownloader.cpp */; settings = {ASSET_TAGS = (); }; };
		957CB88C1BB9C2FA00B76A61 /* imageDownloader.cpp in Sources */ = {isa = PBXBuildFile; fileRef = 957CB8631BB9C2FA00B76A61 /* imageDownloader.cpp */; settings = {ASSET_TAGS = (); }; };
		957CB88D1BB9C2FA00B76A61 /* imageProvider.cpp in Sources */ = {isa = PBXBuildFile; fileRef = 957CB8641BB9C2FA00B76A61 /* imageProvider.cpp */; settings = {ASSET_TAGS = (); }; };
		957CB88E1BB9C2FA00B76A61 /* imageProvider.cpp in Sources */ = {isa = PBXBuildFile; fileRef = 957CB8641BB9C2FA00B76A61 /* imageProvider.cpp */; settings = {ASSET_TAGS = (); }; };
		957CB88F1BB9C2FA00B76A61 /* internals.h in Headers */ = {isa = PBXBuildFile; fileRef = 957CB8651BB9C2FA00B76A61 /* internals.h */; settings = {ASSET_TAGS = (); }; };
		957CB8901BB9C2FA00B76A61 /* session.cpp in Sources */ = {isa = PBXBuildFile; fileRef = 957CB8661BB9C2FA00B76A61 /* session.cpp */; settings = {ASSET_TAGS = (); }; };
		957CB8911BB9C2FA00B76A61 /* session.cpp in Sources */ = {isa = PBXBuildFile; fileRef = 957CB8661BB9C2FA00B76A61 /* session.cpp */; settings = {ASSET_TAGS = (); }; };
		957CB8921BB9C2FA00B76A61 /* thread.cpp in Sources */ = {isa = PBXBuildFile; fileRef = 957CB8671BB9C2FA00B76A61 /* thread.cpp */; settings = {ASSET_TAGS = (); }; };
		957CB8931BB9C2FA00B76A61 /* thread.cpp in Sources */ = {isa = PBXBuildFile; fileRef = 957CB8671BB9C2FA00B76A61 /* thread.cpp */; settings = {ASSET_TAGS = (); }; };
		957CB8941BB9C2FA00B76A61 /* urlProvider.cpp in Sources */ = {isa = PBXBuildFile; fileRef = 957CB8681BB9C2FA00B76A61 /* urlProvider.cpp */; settings = {ASSET_TAGS = (); }; };
		957CB8951BB9C2FA00B76A61 /* urlProvider.cpp in Sources */ = {isa = PBXBuildFile; fileRef = 957CB8681BB9C2FA00B76A61 /* urlProvider.cpp */; settings = {ASSET_TAGS = (); }; };
		957CB8961BB9C2FA00B76A61 /* urlProvider.h in Headers */ = {isa = PBXBuildFile; fileRef = 957CB8691BB9C2FA00B76A61 /* urlProvider.h */; settings = {ASSET_TAGS = (); }; };
		957CB8971BB9C2FA00B76A61 /* wallhaven.cpp in Sources */ = {isa = PBXBuildFile; fileRef = 957CB86A1BB9C2FA00B76A61 /* wallhaven.cpp */; settings = {ASSET_TAGS = (); }; };
		957CB8981BB9C2FA00B76A61 /* wallhaven.cpp in Sources */ = {isa = PBXBuildFile; fileRef = 957CB86A1BB9C2FA00B76A61 /* wallhaven.cpp */; settings = {ASSET_TAGS = (); }; };
/* End PBXBuildFile section */

/* Begin PBXFileReference section */
		957CB8261BB9C10100B76A61 /* wallhaven-ssaver.saver */ = {isa = PBXFileReference; explicitFileType = wrapper.cfbundle; includeInIndex = 0; path = "wallhaven-ssaver.saver"; sourceTree = BUILT_PRODUCTS_DIR; };
		957CB82D1BB9C10100B76A61 /* Info.plist */ = {isa = PBXFileReference; lastKnownFileType = text.plist.xml; path = Info.plist; sourceTree = "<group>"; };
		957CB8371BB9C26500B76A61 /* apprig.app */ = {isa = PBXFileReference; explicitFileType = wrapper.application; includeInIndex = 0; path = apprig.app; sourceTree = BUILT_PRODUCTS_DIR; };
		957CB8391BB9C26500B76A61 /* AppDelegate.h */ = {isa = PBXFileReference; lastKnownFileType = sourcecode.c.h; path = AppDelegate.h; sourceTree = "<group>"; };
		957CB83A1BB9C26500B76A61 /* AppDelegate.m */ = {isa = PBXFileReference; lastKnownFileType = sourcecode.c.objc; path = AppDelegate.m; sourceTree = "<group>"; };
		957CB83D1BB9C26500B76A61 /* main.m */ = {isa = PBXFileReference; lastKnownFileType = sourcecode.c.objc; path = main.m; sourceTree = "<group>"; };
		957CB83F1BB9C26500B76A61 /* Assets.xcassets */ = {isa = PBXFileReference; lastKnownFileType = folder.assetcatalog; path = Assets.xcassets; sourceTree = "<group>"; };
		957CB8421BB9C26500B76A61 /* Base */ = {isa = PBXFileReference; lastKnownFileType = file.xib; name = Base; path = Base.lproj/MainMenu.xib; sourceTree = "<group>"; };
		957CB8441BB9C26500B76A61 /* Info.plist */ = {isa = PBXFileReference; lastKnownFileType = text.plist.xml; path = Info.plist; sourceTree = "<group>"; };
		957CB8491BB9C2FA00B76A61 /* common.h */ = {isa = PBXFileReference; fileEncoding = 4; lastKnownFileType = sourcecode.c.h; path = common.h; sourceTree = "<group>"; };
		957CB84B1BB9C2FA00B76A61 /* Configuration.h */ = {isa = PBXFileReference; fileEncoding = 4; lastKnownFileType = sourcecode.c.h; path = Configuration.h; sourceTree = "<group>"; };
		957CB84C1BB9C2FA00B76A61 /* Configuration.mm */ = {isa = PBXFileReference; fileEncoding = 4; lastKnownFileType = sourcecode.cpp.objcpp; path = Configuration.mm; sourceTree = "<group>"; };
		957CB84D1BB9C2FA00B76A61 /* Configuration.xib */ = {isa = PBXFileReference; fileEncoding = 4; lastKnownFileType = file.xib; path = Configuration.xib; sourceTree = "<group>"; };
		957CB84E1BB9C2FA00B76A61 /* ConfigurationController.h */ = {isa = PBXFileReference; fileEncoding = 4; lastKnownFileType = sourcecode.c.h; path = ConfigurationController.h; sourceTree = "<group>"; };
		957CB84F1BB9C2FA00B76A61 /* ConfigurationController.mm */ = {isa = PBXFileReference; fileEncoding = 4; lastKnownFileType = sourcecode.cpp.objcpp; path = ConfigurationController.mm; sourceTree = "<group>"; };
		957CB8501BB9C2FA00B76A61 /* Engine.h */ = {isa = PBXFileReference; fileEncoding = 4; lastKnownFileType = sourcecode.c.h; path = Engine.h; sourceTree = "<group>"; };
		957CB8511BB9C2FA00B76A61 /* Engine.mm */ = {isa = PBXFileReference; fileEncoding = 4; lastKnownFileType = sourcecode.cpp.objcpp; path = Engine.mm; sourceTree = "<group>"; };
		957CB8521BB9C2FA00B76A61 /* FraSaverView.h */ = {isa = PBXFileReference; fileEncoding = 4; lastKnownFileType = sourcecode.c.h; path = FraSaverView.h; sourceTree = "<group>"; };
		957CB8531BB9C2FA00B76A61 /* FraSaverView.m */ = {isa = PBXFileReference; fileEncoding = 4; lastKnownFileType = sourcecode.c.objc; path = FraSaverView.m; sourceTree = "<group>"; };
		957CB8541BB9C2FA00B76A61 /* image.h */ = {isa = PBXFileReference; fileEncoding = 4; lastKnownFileType = sourcecode.c.h; path = image.h; sourceTree = "<group>"; };
		957CB8551BB9C2FA00B76A61 /* image.mm */ = {isa = PBXFileReference; fileEncoding = 4; lastKnownFileType = sourcecode.cpp.objcpp; path = image.mm; sourceTree = "<group>"; };
		957CB8561BB9C2FA00B76A61 /* imageQueue.h */ = {isa = PBXFileReference; fileEncoding = 4; lastKnownFileType = sourcecode.c.h; path = imageQueue.h; sourceTree = "<group>"; };
		957CB8571BB9C2FA00B76A61 /* imageQueue.mm */ = {isa = PBXFileReference; fileEncoding = 4; lastKnownFileType = sourcecode.cpp.objcpp; path = imageQueue.mm; sourceTree = "<group>"; };
		957CB8581BB9C2FA00B76A61 /* OglView.h */ = {isa = PBXFileReference; fileEncoding = 4; lastKnownFileType = sourcecode.c.h; path = OglView.h; sourceTree = "<group>"; };
		957CB8591BB9C2FA00B76A61 /* OglView.mm */ = {isa = PBXFileReference; fileEncoding = 4; lastKnownFileType = sourcecode.cpp.objcpp; path = OglView.mm; sourceTree = "<group>"; };
		957CB85A1BB9C2FA00B76A61 /* parser.h */ = {isa = PBXFileReference; fileEncoding = 4; lastKnownFileType = sourcecode.c.h; path = parser.h; sourceTree = "<group>"; };
		957CB85B1BB9C2FA00B76A61 /* parser.mm */ = {isa = PBXFileReference; fileEncoding = 4; lastKnownFileType = sourcecode.cpp.objcpp; path = parser.mm; sourceTree = "<group>"; };
		957CB85E1BB9C2FA00B76A61 /* thread.h */ = {isa = PBXFileReference; fileEncoding = 4; lastKnownFileType = sourcecode.c.h; path = thread.h; sourceTree = "<group>"; };
		957CB85F1BB9C2FA00B76A61 /* wallhaven.h */ = {isa = PBXFileReference; fileEncoding = 4; lastKnownFileType = sourcecode.c.h; path = wallhaven.h; sourceTree = "<group>"; };
		957CB8611BB9C2FA00B76A61 /* curl.cpp */ = {isa = PBXFileReference; fileEncoding = 4; lastKnownFileType = sourcecode.cpp.cpp; path = curl.cpp; sourceTree = "<group>"; };
		957CB8621BB9C2FA00B76A61 /* curl.h */ = {isa = PBXFileReference; fileEncoding = 4; lastKnownFileType = sourcecode.c.h; path = curl.h; sourceTree = "<group>"; };
		957CB8631BB9C2FA00B76A61 /* imageDownloader.cpp */ = {isa = PBXFileReference; fileEncoding = 4; lastKnownFileType = sourcecode.cpp.cpp; path = imageDownloader.cpp; sourceTree = "<group>"; };
		957CB8641BB9C2FA00B76A61 /* imageProvider.cpp */ = {isa = PBXFileReference; fileEncoding = 4; lastKnownFileType = sourcecode.cpp.cpp; path = imageProvider.cpp; sourceTree = "<group>"; };
		957CB8651BB9C2FA00B76A61 /* internals.h */ = {isa = PBXFileReference; fileEncoding = 4; lastKnownFileType = sourcecode.c.h; path = internals.h; sourceTree = "<group>"; };
		957CB8661BB9C2FA00B76A61 /* session.cpp */ = {isa = PBXFileReference; fileEncoding = 4; lastKnownFileType = sourcecode.cpp.cpp; path = session.cpp; sourceTree = "<group>"; };
		957CB8671BB9C2FA00B76A61 /* thread.cpp */ = {isa = PBXFileReference; fileEncoding = 4; lastKnownFileType = sourcecode.cpp.cpp; path = thread.cpp; sourceTree = "<group>"; };
		957CB8681BB9C2FA00B76A61 /* urlProvider.cpp */ = {isa = PBXFileReference; fileEncoding = 4; lastKnownFileType = sourcecode.cpp.cpp; path = urlProvider.cpp; sourceTree = "<group>"; };
		957CB8691BB9C2FA00B76A61 /* urlProvider.h */ = {isa = PBXFileReference; fileEncoding = 4; lastKnownFileType = sourcecode.c.h; path = urlProvider.h; sourceTree = "<group>"; };
		957CB86A1BB9C2FA00B76A61 /* wallhaven.cpp */ = {isa = PBXFileReference; fileEncoding = 4; lastKnownFileType = sourcecode.cpp.cpp; path = wallhaven.cpp; sourceTree = "<group>"; };
/* End PBXFileReference section */

/* Begin PBXFrameworksBuildPhase section */
		957CB8221BB9C10100B76A61 /* Frameworks */ = {
			isa = PBXFrameworksBuildPhase;
			buildActionMask = 2147483647;
			files = (
			);
			runOnlyForDeploymentPostprocessing = 0;
		};
		957CB8341BB9C26500B76A61 /* Frameworks */ = {
			isa = PBXFrameworksBuildPhase;
			buildActionMask = 2147483647;
			files = (
			);
			runOnlyForDeploymentPostprocessing = 0;
		};
/* End PBXFrameworksBuildPhase section */

/* Begin PBXGroup section */
		957CB81C1BB9C10100B76A61 = {
			isa = PBXGroup;
			children = (
				957CB82D1BB9C10100B76A61 /* Info.plist */,
				957CB8481BB9C2FA00B76A61 /* src */,
				957CB8381BB9C26500B76A61 /* apprig */,
				957CB8271BB9C10100B76A61 /* Products */,
			);
			sourceTree = "<group>";
		};
		957CB8271BB9C10100B76A61 /* Products */ = {
			isa = PBXGroup;
			children = (
				957CB8261BB9C10100B76A61 /* wallhaven-ssaver.saver */,
				957CB8371BB9C26500B76A61 /* apprig.app */,
			);
			name = Products;
			sourceTree = "<group>";
		};
		957CB8381BB9C26500B76A61 /* apprig */ = {
			isa = PBXGroup;
			children = (
				957CB8391BB9C26500B76A61 /* AppDelegate.h */,
				957CB83A1BB9C26500B76A61 /* AppDelegate.m */,
				957CB83F1BB9C26500B76A61 /* Assets.xcassets */,
				957CB8411BB9C26500B76A61 /* MainMenu.xib */,
				957CB8441BB9C26500B76A61 /* Info.plist */,
				957CB83C1BB9C26500B76A61 /* Supporting Files */,
			);
			path = apprig;
			sourceTree = "<group>";
		};
		957CB83C1BB9C26500B76A61 /* Supporting Files */ = {
			isa = PBXGroup;
			children = (
				957CB83D1BB9C26500B76A61 /* main.m */,
			);
			name = "Supporting Files";
			sourceTree = "<group>";
		};
		957CB8481BB9C2FA00B76A61 /* src */ = {
			isa = PBXGroup;
			children = (
				957CB85C1BB9C2FA00B76A61 /* wallhaven */,
				957CB84A1BB9C2FA00B76A61 /* config */,
				957CB8491BB9C2FA00B76A61 /* common.h */,
				957CB8501BB9C2FA00B76A61 /* Engine.h */,
				957CB8511BB9C2FA00B76A61 /* Engine.mm */,
				957CB8521BB9C2FA00B76A61 /* FraSaverView.h */,
				957CB8531BB9C2FA00B76A61 /* FraSaverView.m */,
				957CB8541BB9C2FA00B76A61 /* image.h */,
				957CB8551BB9C2FA00B76A61 /* image.mm */,
				957CB8561BB9C2FA00B76A61 /* imageQueue.h */,
				957CB8571BB9C2FA00B76A61 /* imageQueue.mm */,
				957CB8581BB9C2FA00B76A61 /* OglView.h */,
				957CB8591BB9C2FA00B76A61 /* OglView.mm */,
				957CB85A1BB9C2FA00B76A61 /* parser.h */,
				957CB85B1BB9C2FA00B76A61 /* parser.mm */,
			);
			path = src;
			sourceTree = "<group>";
		};
		957CB84A1BB9C2FA00B76A61 /* config */ = {
			isa = PBXGroup;
			children = (
				957CB84B1BB9C2FA00B76A61 /* Configuration.h */,
				957CB84C1BB9C2FA00B76A61 /* Configuration.mm */,
				957CB84D1BB9C2FA00B76A61 /* Configuration.xib */,
				957CB84E1BB9C2FA00B76A61 /* ConfigurationController.h */,
				957CB84F1BB9C2FA00B76A61 /* ConfigurationController.mm */,
			);
			path = config;
			sourceTree = "<group>";
		};
		957CB85C1BB9C2FA00B76A61 /* wallhaven */ = {
			isa = PBXGroup;
			children = (
				957CB85D1BB9C2FA00B76A61 /* include */,
				957CB8601BB9C2FA00B76A61 /* src */,
			);
			path = wallhaven;
			sourceTree = "<group>";
		};
		957CB85D1BB9C2FA00B76A61 /* include */ = {
			isa = PBXGroup;
			children = (
				957CB85E1BB9C2FA00B76A61 /* thread.h */,
				957CB85F1BB9C2FA00B76A61 /* wallhaven.h */,
			);
			path = include;
			sourceTree = "<group>";
		};
		957CB8601BB9C2FA00B76A61 /* src */ = {
			isa = PBXGroup;
			children = (
				957CB8611BB9C2FA00B76A61 /* curl.cpp */,
				957CB8621BB9C2FA00B76A61 /* curl.h */,
				957CB8631BB9C2FA00B76A61 /* imageDownloader.cpp */,
				957CB8641BB9C2FA00B76A61 /* imageProvider.cpp */,
				957CB8651BB9C2FA00B76A61 /* internals.h */,
				957CB8661BB9C2FA00B76A61 /* session.cpp */,
				957CB8671BB9C2FA00B76A61 /* thread.cpp */,
				957CB8681BB9C2FA00B76A61 /* urlProvider.cpp */,
				957CB8691BB9C2FA00B76A61 /* urlProvider.h */,
				957CB86A1BB9C2FA00B76A61 /* wallhaven.cpp */,
			);
			path = src;
			sourceTree = "<group>";
		};
/* End PBXGroup section */

/* Begin PBXHeadersBuildPhase section */
		957CB8231BB9C10100B76A61 /* Headers */ = {
			isa = PBXHeadersBuildPhase;
			buildActionMask = 2147483647;
			files = (
				957CB88F1BB9C2FA00B76A61 /* internals.h in Headers */,
				957CB87A1BB9C2FA00B76A61 /* image.h in Headers */,
				957CB8741BB9C2FA00B76A61 /* Engine.h in Headers */,
				957CB8961BB9C2FA00B76A61 /* urlProvider.h in Headers */,
				957CB88A1BB9C2FA00B76A61 /* curl.h in Headers */,
				957CB8861BB9C2FA00B76A61 /* thread.h in Headers */,
				957CB8831BB9C2FA00B76A61 /* parser.h in Headers */,
				957CB8711BB9C2FA00B76A61 /* ConfigurationController.h in Headers */,
				957CB86B1BB9C2FA00B76A61 /* common.h in Headers */,
				957CB8801BB9C2FA00B76A61 /* OglView.h in Headers */,
				957CB87D1BB9C2FA00B76A61 /* imageQueue.h in Headers */,
				957CB86C1BB9C2FA00B76A61 /* Configuration.h in Headers */,
				957CB8771BB9C2FA00B76A61 /* FraSaverView.h in Headers */,
				957CB8871BB9C2FA00B76A61 /* wallhaven.h in Headers */,
			);
			runOnlyForDeploymentPostprocessing = 0;
		};
/* End PBXHeadersBuildPhase section */

/* Begin PBXNativeTarget section */
		957CB8251BB9C10100B76A61 /* wallhaven-ssaver */ = {
			isa = PBXNativeTarget;
			buildConfigurationList = 957CB8301BB9C10100B76A61 /* Build configuration list for PBXNativeTarget "wallhaven-ssaver" */;
			buildPhases = (
				957CB8211BB9C10100B76A61 /* Sources */,
				957CB8221BB9C10100B76A61 /* Frameworks */,
				957CB8231BB9C10100B76A61 /* Headers */,
				957CB8241BB9C10100B76A61 /* Resources */,
			);
			buildRules = (
			);
			dependencies = (
			);
			name = "wallhaven-ssaver";
			productName = "wallhaven-ssaver";
			productReference = 957CB8261BB9C10100B76A61 /* wallhaven-ssaver.saver */;
			productType = "com.apple.product-type.bundle";
		};
		957CB8361BB9C26500B76A61 /* apprig */ = {
			isa = PBXNativeTarget;
			buildConfigurationList = 957CB8451BB9C26500B76A61 /* Build configuration list for PBXNativeTarget "apprig" */;
			buildPhases = (
				957CB8331BB9C26500B76A61 /* Sources */,
				957CB8341BB9C26500B76A61 /* Frameworks */,
				957CB8351BB9C26500B76A61 /* Resources */,
			);
			buildRules = (
			);
			dependencies = (
			);
			name = apprig;
			productName = apprig;
			productReference = 957CB8371BB9C26500B76A61 /* apprig.app */;
			productType = "com.apple.product-type.application";
		};
/* End PBXNativeTarget section */

/* Begin PBXProject section */
		957CB81D1BB9C10100B76A61 /* Project object */ = {
			isa = PBXProject;
			attributes = {
				LastUpgradeCheck = 0700;
				ORGANIZATIONNAME = Frachop;
				TargetAttributes = {
					957CB8251BB9C10100B76A61 = {
						CreatedOnToolsVersion = 7.0;
					};
					957CB8361BB9C26500B76A61 = {
						CreatedOnToolsVersion = 7.0;
					};
				};
			};
			buildConfigurationList = 957CB8201BB9C10100B76A61 /* Build configuration list for PBXProject "wallhaven-ssaver" */;
			compatibilityVersion = "Xcode 3.2";
			developmentRegion = English;
			hasScannedForEncodings = 0;
			knownRegions = (
				en,
				Base,
			);
			mainGroup = 957CB81C1BB9C10100B76A61;
			productRefGroup = 957CB8271BB9C10100B76A61 /* Products */;
			projectDirPath = "";
			projectRoot = "";
			targets = (
				957CB8251BB9C10100B76A61 /* wallhaven-ssaver */,
				957CB8361BB9C26500B76A61 /* apprig */,
			);
		};
/* End PBXProject section */

/* Begin PBXResourcesBuildPhase section */
		957CB8241BB9C10100B76A61 /* Resources */ = {
			isa = PBXResourcesBuildPhase;
			buildActionMask = 2147483647;
			files = (
				957CB86F1BB9C2FA00B76A61 /* Configuration.xib in Resources */,
			);
			runOnlyForDeploymentPostprocessing = 0;
		};
		957CB8351BB9C26500B76A61 /* Resources */ = {
			isa = PBXResourcesBuildPhase;
			buildActionMask = 2147483647;
			files = (
				957CB8401BB9C26500B76A61 /* Assets.xcassets in Resources */,
				957CB8701BB9C2FA00B76A61 /* Configuration.xib in Resources */,
				957CB8431BB9C26500B76A61 /* MainMenu.xib in Resources */,
			);
			runOnlyForDeploymentPostprocessing = 0;
		};
/* End PBXResourcesBuildPhase section */

/* Begin PBXSourcesBuildPhase section */
		957CB8211BB9C10100B76A61 /* Sources */ = {
			isa = PBXSourcesBuildPhase;
			buildActionMask = 2147483647;
			files = (
				957CB8751BB9C2FA00B76A61 /* Engine.mm in Sources */,
				957CB88D1BB9C2FA00B76A61 /* imageProvider.cpp in Sources */,
				957CB8941BB9C2FA00B76A61 /* urlProvider.cpp in Sources */,
				957CB87B1BB9C2FA00B76A61 /* image.mm in Sources */,
				957CB88B1BB9C2FA00B76A61 /* imageDownloader.cpp in Sources */,
				957CB8881BB9C2FA00B76A61 /* curl.cpp in Sources */,
				957CB8921BB9C2FA00B76A61 /* thread.cpp in Sources */,
				957CB8721BB9C2FA00B76A61 /* ConfigurationController.mm in Sources */,
				957CB87E1BB9C2FA00B76A61 /* imageQueue.mm in Sources */,
				957CB8781BB9C2FA00B76A61 /* FraSaverView.m in Sources */,
				957CB8901BB9C2FA00B76A61 /* session.cpp in Sources */,
				957CB8971BB9C2FA00B76A61 /* wallhaven.cpp in Sources */,
				957CB8811BB9C2FA00B76A61 /* OglView.mm in Sources */,
				957CB8841BB9C2FA00B76A61 /* parser.mm in Sources */,
				957CB86D1BB9C2FA00B76A61 /* Configuration.mm in Sources */,
			);
			runOnlyForDeploymentPostprocessing = 0;
		};
		957CB8331BB9C26500B76A61 /* Sources */ = {
			isa = PBXSourcesBuildPhase;
			buildActionMask = 2147483647;
			files = (
				957CB86E1BB9C2FA00B76A61 /* Configuration.mm in Sources */,
				957CB8981BB9C2FA00B76A61 /* wallhaven.cpp in Sources */,
				957CB8761BB9C2FA00B76A61 /* Engine.mm in Sources */,
				957CB88E1BB9C2FA00B76A61 /* imageProvider.cpp in Sources */,
				957CB8791BB9C2FA00B76A61 /* FraSaverView.m in Sources */,
				957CB8931BB9C2FA00B76A61 /* thread.cpp in Sources */,
				957CB83E1BB9C26500B76A61 /* main.m in Sources */,
				957CB8891BB9C2FA00B76A61 /* curl.cpp in Sources */,
				957CB8911BB9C2FA00B76A61 /* session.cpp in Sources */,
				957CB8851BB9C2FA00B76A61 /* parser.mm in Sources */,
				957CB88C1BB9C2FA00B76A61 /* imageDownloader.cpp in Sources */,
				957CB8731BB9C2FA00B76A61 /* ConfigurationController.mm in Sources */,
				957CB87F1BB9C2FA00B76A61 /* imageQueue.mm in Sources */,
				957CB83B1BB9C26500B76A61 /* AppDelegate.m in Sources */,
				957CB8821BB9C2FA00B76A61 /* OglView.mm in Sources */,
				957CB8951BB9C2FA00B76A61 /* urlProvider.cpp in Sources */,
				957CB87C1BB9C2FA00B76A61 /* image.mm in Sources */,
			);
			runOnlyForDeploymentPostprocessing = 0;
		};
/* End PBXSourcesBuildPhase section */

/* Begin PBXVariantGroup section */
		957CB8411BB9C26500B76A61 /* MainMenu.xib */ = {
			isa = PBXVariantGroup;
			children = (
				957CB8421BB9C26500B76A61 /* Base */,
			);
			name = MainMenu.xib;
			sourceTree = "<group>";
		};
/* End PBXVariantGroup section */

/* Begin XCBuildConfiguration section */
		957CB82E1BB9C10100B76A61 /* Debug */ = {
			isa = XCBuildConfiguration;
			buildSettings = {
				ALWAYS_SEARCH_USER_PATHS = NO;
				CLANG_CXX_LANGUAGE_STANDARD = "gnu++0x";
				CLANG_CXX_LIBRARY = "libc++";
				CLANG_ENABLE_MODULES = YES;
				CLANG_ENABLE_OBJC_ARC = YES;
				CLANG_WARN_BOOL_CONVERSION = YES;
				CLANG_WARN_CONSTANT_CONVERSION = YES;
				CLANG_WARN_DIRECT_OBJC_ISA_USAGE = YES_ERROR;
				CLANG_WARN_EMPTY_BODY = YES;
				CLANG_WARN_ENUM_CONVERSION = YES;
				CLANG_WARN_INT_CONVERSION = YES;
				CLANG_WARN_OBJC_ROOT_CLASS = YES_ERROR;
				CLANG_WARN_UNREACHABLE_CODE = YES;
				CLANG_WARN__DUPLICATE_METHOD_MATCH = YES;
				COPY_PHASE_STRIP = NO;
				DEBUG_INFORMATION_FORMAT = dwarf;
				ENABLE_STRICT_OBJC_MSGSEND = YES;
				ENABLE_TESTABILITY = YES;
				GCC_C_LANGUAGE_STANDARD = gnu99;
				GCC_DYNAMIC_NO_PIC = NO;
				GCC_NO_COMMON_BLOCKS = YES;
				GCC_OPTIMIZATION_LEVEL = 0;
				GCC_PREPROCESSOR_DEFINITIONS = (
					"DEBUG=1",
					"$(inherited)",
				);
				GCC_WARN_64_TO_32_BIT_CONVERSION = YES;
				GCC_WARN_ABOUT_RETURN_TYPE = YES_ERROR;
				GCC_WARN_UNDECLARED_SELECTOR = YES;
				GCC_WARN_UNINITIALIZED_AUTOS = YES_AGGRESSIVE;
				GCC_WARN_UNUSED_FUNCTION = YES;
				GCC_WARN_UNUSED_VARIABLE = YES;
				MACOSX_DEPLOYMENT_TARGET = 10.10;
				MTL_ENABLE_DEBUG_INFO = YES;
				ONLY_ACTIVE_ARCH = YES;
				OTHER_LDFLAGS = (
					"-L/usr/lib",
					"-lcurl",
				);
				SDKROOT = macosx;
			};
			name = Debug;
		};
		957CB82F1BB9C10100B76A61 /* Release */ = {
			isa = XCBuildConfiguration;
			buildSettings = {
				ALWAYS_SEARCH_USER_PATHS = NO;
				CLANG_CXX_LANGUAGE_STANDARD = "gnu++0x";
				CLANG_CXX_LIBRARY = "libc++";
				CLANG_ENABLE_MODULES = YES;
				CLANG_ENABLE_OBJC_ARC = YES;
				CLANG_WARN_BOOL_CONVERSION = YES;
				CLANG_WARN_CONSTANT_CONVERSION = YES;
				CLANG_WARN_DIRECT_OBJC_ISA_USAGE = YES_ERROR;
				CLANG_WARN_EMPTY_BODY = YES;
				CLANG_WARN_ENUM_CONVERSION = YES;
				CLANG_WARN_INT_CONVERSION = YES;
				CLANG_WARN_OBJC_ROOT_CLASS = YES_ERROR;
				CLANG_WARN_UNREACHABLE_CODE = YES;
				CLANG_WARN__DUPLICATE_METHOD_MATCH = YES;
				COPY_PHASE_STRIP = NO;
				DEBUG_INFORMATION_FORMAT = "dwarf-with-dsym";
				ENABLE_NS_ASSERTIONS = NO;
				ENABLE_STRICT_OBJC_MSGSEND = YES;
				GCC_C_LANGUAGE_STANDARD = gnu99;
				GCC_NO_COMMON_BLOCKS = YES;
				GCC_WARN_64_TO_32_BIT_CONVERSION = YES;
				GCC_WARN_ABOUT_RETURN_TYPE = YES_ERROR;
				GCC_WARN_UNDECLARED_SELECTOR = YES;
				GCC_WARN_UNINITIALIZED_AUTOS = YES_AGGRESSIVE;
				GCC_WARN_UNUSED_FUNCTION = YES;
				GCC_WARN_UNUSED_VARIABLE = YES;
				MACOSX_DEPLOYMENT_TARGET = 10.10;
				MTL_ENABLE_DEBUG_INFO = NO;
				OTHER_LDFLAGS = (
					"-L/usr/lib",
					"-lcurl",
				);
				SDKROOT = macosx;
			};
			name = Release;
		};
		957CB8311BB9C10100B76A61 /* Debug */ = {
			isa = XCBuildConfiguration;
			buildSettings = {
				COMBINE_HIDPI_IMAGES = YES;
				INFOPLIST_FILE = "wallhaven-ssaver/Info.plist";
				INSTALL_PATH = "$(HOME)/Library/Screen Savers";
				PRODUCT_BUNDLE_IDENTIFIER = "in.frachop.wallhaven-ssaver";
				PRODUCT_NAME = "$(TARGET_NAME)";
				WRAPPER_EXTENSION = saver;
			};
			name = Debug;
		};
		957CB8321BB9C10100B76A61 /* Release */ = {
			isa = XCBuildConfiguration;
			buildSettings = {
				COMBINE_HIDPI_IMAGES = YES;
				INFOPLIST_FILE = "wallhaven-ssaver/Info.plist";
				INSTALL_PATH = "$(HOME)/Library/Screen Savers";
				PRODUCT_BUNDLE_IDENTIFIER = "in.frachop.wallhaven-ssaver";
				PRODUCT_NAME = "$(TARGET_NAME)";
				WRAPPER_EXTENSION = saver;
			};
			name = Release;
		};
		957CB8461BB9C26500B76A61 /* Debug */ = {
			isa = XCBuildConfiguration;
			buildSettings = {
				ASSETCATALOG_COMPILER_APPICON_NAME = AppIcon;
				CODE_SIGN_IDENTITY = "-";
				COMBINE_HIDPI_IMAGES = YES;
				INFOPLIST_FILE = apprig/Info.plist;
				LD_RUNPATH_SEARCH_PATHS = "$(inherited) @executable_path/../Frameworks";
				PRODUCT_BUNDLE_IDENTIFIER = in.frachop.apprig;
				PRODUCT_NAME = "$(TARGET_NAME)";
			};
			name = Debug;
		};
		957CB8471BB9C26500B76A61 /* Release */ = {
			isa = XCBuildConfiguration;
			buildSettings = {
				ASSETCATALOG_COMPILER_APPICON_NAME = AppIcon;
				CODE_SIGN_IDENTITY = "-";
				COMBINE_HIDPI_IMAGES = YES;
				INFOPLIST_FILE = apprig/Info.plist;
				LD_RUNPATH_SEARCH_PATHS = "$(inherited) @executable_path/../Frameworks";
				PRODUCT_BUNDLE_IDENTIFIER = in.frachop.apprig;
				PRODUCT_NAME = "$(TARGET_NAME)";
			};
			name = Release;
		};
/* End XCBuildConfiguration section */

/* Begin XCConfigurationList section */
		957CB8201BB9C10100B76A61 /* Build configuration list for PBXProject "wallhaven-ssaver" */ = {
			isa = XCConfigurationList;
			buildConfigurations = (
				957CB82E1BB9C10100B76A61 /* Debug */,
				957CB82F1BB9C10100B76A61 /* Release */,
			);
			defaultConfigurationIsVisible = 0;
			defaultConfigurationName = Release;
		};
		957CB8301BB9C10100B76A61 /* Build configuration list for PBXNativeTarget "wallhaven-ssaver" */ = {
			isa = XCConfigurationList;
			buildConfigurations = (
				957CB8311BB9C10100B76A61 /* Debug */,
				957CB8321BB9C10100B76A61 /* Release */,
			);
			defaultConfigurationIsVisible = 0;
		};
		957CB8451BB9C26500B76A61 /* Build configuration list for PBXNativeTarget "apprig" */ = {
			isa = XCConfigurationList;
			buildConfigurations = (
				957CB8461BB9C26500B76A61 /* Debug */,
				957CB8471BB9C26500B76A61 /* Release */,
			);
			defaultConfigurationIsVisible = 0;
		};
/* End XCConfigurationList section */
	};
	rootObject = 957CB81D1BB9C10100B76A61 /* Project object */;
}
